
Microsoft Visual Studio Solution File, Format Version 12.00
# Visual Studio 14
VisualStudioVersion = 14.0.25420.1
MinimumVisualStudioVersion = 10.0.40219.1
Project("{2150E333-8FDC-42A3-9474-1A3956D46DE8}") = "Creational", "Creational", "{A54464BE-51DE-4305-9525-A69004429D33}"
EndProject
Project("{2150E333-8FDC-42A3-9474-1A3956D46DE8}") = "Structural", "Structural", "{D348E754-A289-44C8-8B2D-4652E8F740D9}"
EndProject
Project("{2150E333-8FDC-42A3-9474-1A3956D46DE8}") = "Behavioral", "Behavioral", "{7DC29C6D-B9FC-409A-9974-3364A8AE3143}"
EndProject
Project("{FAE04EC0-301F-11D3-BF4B-00C04F79EFBC}") = "AbstractFactory", "AbstractFactory\AbstractFactory.csproj", "{0120A622-F971-446A-94D0-FB1D66886F19}"
EndProject
Project("{FAE04EC0-301F-11D3-BF4B-00C04F79EFBC}") = "Builder", "Builder\Builder.csproj", "{3FA4E12D-729C-4126-B8F7-F36D5526143E}"
EndProject
Project("{FAE04EC0-301F-11D3-BF4B-00C04F79EFBC}") = "FactoryMethod", "FactoryMethod\FactoryMethod.csproj", "{F5FE9AE6-4D4A-4BA0-A82B-88769D6B2965}"
EndProject
Project("{FAE04EC0-301F-11D3-BF4B-00C04F79EFBC}") = "Prototype", "Prototype\Prototype.csproj", "{43BA3BE7-0FAD-4D4A-9710-EFC7368755FF}"
EndProject
Project("{FAE04EC0-301F-11D3-BF4B-00C04F79EFBC}") = "Singleton", "Singleton\Singleton.csproj", "{DC158432-5348-4B5F-8034-1F4EFEEA2F17}"
EndProject
Project("{FAE04EC0-301F-11D3-BF4B-00C04F79EFBC}") = "Adapter", "Adapter\Adapter.csproj", "{FE195278-F6E1-4E2F-A4C1-A974359E7F46}"
EndProject
Project("{FAE04EC0-301F-11D3-BF4B-00C04F79EFBC}") = "Bridge", "Bridge\Bridge.csproj", "{A5A81A66-6FAF-4B72-AEEE-615487446AE3}"
EndProject
Project("{FAE04EC0-301F-11D3-BF4B-00C04F79EFBC}") = "Composite", "Composite\Composite.csproj", "{99262D3C-10C5-4167-A7BC-7FC990EC8D86}"
EndProject
Project("{FAE04EC0-301F-11D3-BF4B-00C04F79EFBC}") = "Decorator", "Decorator\Decorator.csproj", "{4D72998A-D0FE-42A9-AD3F-C09747939A3D}"
EndProject
Project("{FAE04EC0-301F-11D3-BF4B-00C04F79EFBC}") = "Facade", "Facade\Facade.csproj", "{D6A5AE6F-6204-47A5-A832-CE0C6C196135}"
EndProject
Project("{FAE04EC0-301F-11D3-BF4B-00C04F79EFBC}") = "FlyWeight", "FlyWeight\FlyWeight.csproj", "{9862177C-7402-4B5F-A8E5-607293DAE4ED}"
EndProject
Project("{FAE04EC0-301F-11D3-BF4B-00C04F79EFBC}") = "Proxy", "Proxy\Proxy.csproj", "{EF470090-5831-4DAB-A7D8-AA3EA8EE3DC7}"
EndProject
Project("{FAE04EC0-301F-11D3-BF4B-00C04F79EFBC}") = "ChainOfResponsibility", "ChainOfResponsibility\ChainOfResponsibility.csproj", "{C709E821-B671-4009-8CB1-A2C0673A96BF}"
EndProject
Project("{FAE04EC0-301F-11D3-BF4B-00C04F79EFBC}") = "Command", "Definition\Command.csproj", "{CFE95709-1A6E-4DE8-97B0-3694E5B9BD6E}"
EndProject
Project("{FAE04EC0-301F-11D3-BF4B-00C04F79EFBC}") = "Interpreter", "Interpreter\Interpreter.csproj", "{FDE7D617-ED4B-480C-814E-0990D8ED4F6E}"
EndProject
Project("{FAE04EC0-301F-11D3-BF4B-00C04F79EFBC}") = "Iterator", "Iterator\Iterator.csproj", "{A759CB54-6036-4A95-94FC-BD3D78BD26AA}"
EndProject
Project("{FAE04EC0-301F-11D3-BF4B-00C04F79EFBC}") = "Mediator", "Mediator\Mediator.csproj", "{F2AA7161-A441-4AB1-83A0-E97B112383BC}"
EndProject
Global
	GlobalSection(SolutionConfigurationPlatforms) = preSolution
		Debug|Any CPU = Debug|Any CPU
		Release|Any CPU = Release|Any CPU
	EndGlobalSection
	GlobalSection(ProjectConfigurationPlatforms) = postSolution
		{0120A622-F971-446A-94D0-FB1D66886F19}.Debug|Any CPU.ActiveCfg = Debug|Any CPU
		{0120A622-F971-446A-94D0-FB1D66886F19}.Debug|Any CPU.Build.0 = Debug|Any CPU
		{0120A622-F971-446A-94D0-FB1D66886F19}.Release|Any CPU.ActiveCfg = Release|Any CPU
		{0120A622-F971-446A-94D0-FB1D66886F19}.Release|Any CPU.Build.0 = Release|Any CPU
		{3FA4E12D-729C-4126-B8F7-F36D5526143E}.Debug|Any CPU.ActiveCfg = Debug|Any CPU
		{3FA4E12D-729C-4126-B8F7-F36D5526143E}.Debug|Any CPU.Build.0 = Debug|Any CPU
		{3FA4E12D-729C-4126-B8F7-F36D5526143E}.Release|Any CPU.ActiveCfg = Release|Any CPU
		{3FA4E12D-729C-4126-B8F7-F36D5526143E}.Release|Any CPU.Build.0 = Release|Any CPU
		{F5FE9AE6-4D4A-4BA0-A82B-88769D6B2965}.Debug|Any CPU.ActiveCfg = Debug|Any CPU
		{F5FE9AE6-4D4A-4BA0-A82B-88769D6B2965}.Debug|Any CPU.Build.0 = Debug|Any CPU
		{F5FE9AE6-4D4A-4BA0-A82B-88769D6B2965}.Release|Any CPU.ActiveCfg = Release|Any CPU
		{F5FE9AE6-4D4A-4BA0-A82B-88769D6B2965}.Release|Any CPU.Build.0 = Release|Any CPU
		{43BA3BE7-0FAD-4D4A-9710-EFC7368755FF}.Debug|Any CPU.ActiveCfg = Debug|Any CPU
		{43BA3BE7-0FAD-4D4A-9710-EFC7368755FF}.Debug|Any CPU.Build.0 = Debug|Any CPU
		{43BA3BE7-0FAD-4D4A-9710-EFC7368755FF}.Release|Any CPU.ActiveCfg = Release|Any CPU
		{43BA3BE7-0FAD-4D4A-9710-EFC7368755FF}.Release|Any CPU.Build.0 = Release|Any CPU
		{DC158432-5348-4B5F-8034-1F4EFEEA2F17}.Debug|Any CPU.ActiveCfg = Debug|Any CPU
		{DC158432-5348-4B5F-8034-1F4EFEEA2F17}.Debug|Any CPU.Build.0 = Debug|Any CPU
		{DC158432-5348-4B5F-8034-1F4EFEEA2F17}.Release|Any CPU.ActiveCfg = Release|Any CPU
		{DC158432-5348-4B5F-8034-1F4EFEEA2F17}.Release|Any CPU.Build.0 = Release|Any CPU
		{FE195278-F6E1-4E2F-A4C1-A974359E7F46}.Debug|Any CPU.ActiveCfg = Debug|Any CPU
		{FE195278-F6E1-4E2F-A4C1-A974359E7F46}.Debug|Any CPU.Build.0 = Debug|Any CPU
		{FE195278-F6E1-4E2F-A4C1-A974359E7F46}.Release|Any CPU.ActiveCfg = Release|Any CPU
		{FE195278-F6E1-4E2F-A4C1-A974359E7F46}.Release|Any CPU.Build.0 = Release|Any CPU
		{A5A81A66-6FAF-4B72-AEEE-615487446AE3}.Debug|Any CPU.ActiveCfg = Debug|Any CPU
		{A5A81A66-6FAF-4B72-AEEE-615487446AE3}.Debug|Any CPU.Build.0 = Debug|Any CPU
		{A5A81A66-6FAF-4B72-AEEE-615487446AE3}.Release|Any CPU.ActiveCfg = Release|Any CPU
		{A5A81A66-6FAF-4B72-AEEE-615487446AE3}.Release|Any CPU.Build.0 = Release|Any CPU
		{99262D3C-10C5-4167-A7BC-7FC990EC8D86}.Debug|Any CPU.ActiveCfg = Debug|Any CPU
		{99262D3C-10C5-4167-A7BC-7FC990EC8D86}.Debug|Any CPU.Build.0 = Debug|Any CPU
		{99262D3C-10C5-4167-A7BC-7FC990EC8D86}.Release|Any CPU.ActiveCfg = Release|Any CPU
		{99262D3C-10C5-4167-A7BC-7FC990EC8D86}.Release|Any CPU.Build.0 = Release|Any CPU
		{4D72998A-D0FE-42A9-AD3F-C09747939A3D}.Debug|Any CPU.ActiveCfg = Debug|Any CPU
		{4D72998A-D0FE-42A9-AD3F-C09747939A3D}.Debug|Any CPU.Build.0 = Debug|Any CPU
		{4D72998A-D0FE-42A9-AD3F-C09747939A3D}.Release|Any CPU.ActiveCfg = Release|Any CPU
		{4D72998A-D0FE-42A9-AD3F-C09747939A3D}.Release|Any CPU.Build.0 = Release|Any CPU
		{D6A5AE6F-6204-47A5-A832-CE0C6C196135}.Debug|Any CPU.ActiveCfg = Debug|Any CPU
		{D6A5AE6F-6204-47A5-A832-CE0C6C196135}.Debug|Any CPU.Build.0 = Debug|Any CPU
		{D6A5AE6F-6204-47A5-A832-CE0C6C196135}.Release|Any CPU.ActiveCfg = Release|Any CPU
		{D6A5AE6F-6204-47A5-A832-CE0C6C196135}.Release|Any CPU.Build.0 = Release|Any CPU
		{9862177C-7402-4B5F-A8E5-607293DAE4ED}.Debug|Any CPU.ActiveCfg = Debug|Any CPU
		{9862177C-7402-4B5F-A8E5-607293DAE4ED}.Debug|Any CPU.Build.0 = Debug|Any CPU
		{9862177C-7402-4B5F-A8E5-607293DAE4ED}.Release|Any CPU.ActiveCfg = Release|Any CPU
		{9862177C-7402-4B5F-A8E5-607293DAE4ED}.Release|Any CPU.Build.0 = Release|Any CPU
		{EF470090-5831-4DAB-A7D8-AA3EA8EE3DC7}.Debug|Any CPU.ActiveCfg = Debug|Any CPU
		{EF470090-5831-4DAB-A7D8-AA3EA8EE3DC7}.Debug|Any CPU.Build.0 = Debug|Any CPU
		{EF470090-5831-4DAB-A7D8-AA3EA8EE3DC7}.Release|Any CPU.ActiveCfg = Release|Any CPU
		{EF470090-5831-4DAB-A7D8-AA3EA8EE3DC7}.Release|Any CPU.Build.0 = Release|Any CPU
		{C709E821-B671-4009-8CB1-A2C0673A96BF}.Debug|Any CPU.ActiveCfg = Debug|Any CPU
		{C709E821-B671-4009-8CB1-A2C0673A96BF}.Debug|Any CPU.Build.0 = Debug|Any CPU
		{C709E821-B671-4009-8CB1-A2C0673A96BF}.Release|Any CPU.ActiveCfg = Release|Any CPU
		{C709E821-B671-4009-8CB1-A2C0673A96BF}.Release|Any CPU.Build.0 = Release|Any CPU
		{CFE95709-1A6E-4DE8-97B0-3694E5B9BD6E}.Debug|Any CPU.ActiveCfg = Debug|Any CPU
		{CFE95709-1A6E-4DE8-97B0-3694E5B9BD6E}.Debug|Any CPU.Build.0 = Debug|Any CPU
		{CFE95709-1A6E-4DE8-97B0-3694E5B9BD6E}.Release|Any CPU.ActiveCfg = Release|Any CPU
		{CFE95709-1A6E-4DE8-97B0-3694E5B9BD6E}.Release|Any CPU.Build.0 = Release|Any CPU
		{FDE7D617-ED4B-480C-814E-0990D8ED4F6E}.Debug|Any CPU.ActiveCfg = Debug|Any CPU
		{FDE7D617-ED4B-480C-814E-0990D8ED4F6E}.Debug|Any CPU.Build.0 = Debug|Any CPU
		{FDE7D617-ED4B-480C-814E-0990D8ED4F6E}.Release|Any CPU.ActiveCfg = Release|Any CPU
		{FDE7D617-ED4B-480C-814E-0990D8ED4F6E}.Release|Any CPU.Build.0 = Release|Any CPU
		{A759CB54-6036-4A95-94FC-BD3D78BD26AA}.Debug|Any CPU.ActiveCfg = Debug|Any CPU
		{A759CB54-6036-4A95-94FC-BD3D78BD26AA}.Debug|Any CPU.Build.0 = Debug|Any CPU
		{A759CB54-6036-4A95-94FC-BD3D78BD26AA}.Release|Any CPU.ActiveCfg = Release|Any CPU
		{A759CB54-6036-4A95-94FC-BD3D78BD26AA}.Release|Any CPU.Build.0 = Release|Any CPU
		{F2AA7161-A441-4AB1-83A0-E97B112383BC}.Debug|Any CPU.ActiveCfg = Debug|Any CPU
		{F2AA7161-A441-4AB1-83A0-E97B112383BC}.Debug|Any CPU.Build.0 = Debug|Any CPU
		{F2AA7161-A441-4AB1-83A0-E97B112383BC}.Release|Any CPU.ActiveCfg = Release|Any CPU
		{F2AA7161-A441-4AB1-83A0-E97B112383BC}.Release|Any CPU.Build.0 = Release|Any CPU
	EndGlobalSection
	GlobalSection(SolutionProperties) = preSolution
		HideSolutionNode = FALSE
	EndGlobalSection
	GlobalSection(NestedProjects) = preSolution
		{0120A622-F971-446A-94D0-FB1D66886F19} = {A54464BE-51DE-4305-9525-A69004429D33}
		{3FA4E12D-729C-4126-B8F7-F36D5526143E} = {A54464BE-51DE-4305-9525-A69004429D33}
		{F5FE9AE6-4D4A-4BA0-A82B-88769D6B2965} = {A54464BE-51DE-4305-9525-A69004429D33}
		{43BA3BE7-0FAD-4D4A-9710-EFC7368755FF} = {A54464BE-51DE-4305-9525-A69004429D33}
		{DC158432-5348-4B5F-8034-1F4EFEEA2F17} = {A54464BE-51DE-4305-9525-A69004429D33}
		{FE195278-F6E1-4E2F-A4C1-A974359E7F46} = {D348E754-A289-44C8-8B2D-4652E8F740D9}
		{A5A81A66-6FAF-4B72-AEEE-615487446AE3} = {D348E754-A289-44C8-8B2D-4652E8F740D9}
		{99262D3C-10C5-4167-A7BC-7FC990EC8D86} = {D348E754-A289-44C8-8B2D-4652E8F740D9}
		{4D72998A-D0FE-42A9-AD3F-C09747939A3D} = {D348E754-A289-44C8-8B2D-4652E8F740D9}
		{D6A5AE6F-6204-47A5-A832-CE0C6C196135} = {D348E754-A289-44C8-8B2D-4652E8F740D9}
		{9862177C-7402-4B5F-A8E5-607293DAE4ED} = {D348E754-A289-44C8-8B2D-4652E8F740D9}
		{EF470090-5831-4DAB-A7D8-AA3EA8EE3DC7} = {D348E754-A289-44C8-8B2D-4652E8F740D9}
		{C709E821-B671-4009-8CB1-A2C0673A96BF} = {7DC29C6D-B9FC-409A-9974-3364A8AE3143}
		{CFE95709-1A6E-4DE8-97B0-3694E5B9BD6E} = {7DC29C6D-B9FC-409A-9974-3364A8AE3143}
		{FDE7D617-ED4B-480C-814E-0990D8ED4F6E} = {7DC29C6D-B9FC-409A-9974-3364A8AE3143}
		{A759CB54-6036-4A95-94FC-BD3D78BD26AA} = {7DC29C6D-B9FC-409A-9974-3364A8AE3143}
		{F2AA7161-A441-4AB1-83A0-E97B112383BC} = {7DC29C6D-B9FC-409A-9974-3364A8AE3143}
	EndGlobalSection
EndGlobal
